
Microsoft Visual Studio Solution File, Format Version 12.00
# Visual Studio Version 17
VisualStudioVersion = 17.8.34316.72
MinimumVisualStudioVersion = 10.0.40219.1
Project("{F184B08F-C81C-45F6-A57F-5ABD9991F28F}") = "The Case Statement", "The Case Statement.vbproj", "{886291CF-3F40-428B-BD94-6275A5469EDF}"
EndProject
Global
	GlobalSection(SolutionConfigurationPlatforms) = preSolution
		Debug|Any CPU = Debug|Any CPU
		Release|Any CPU = Release|Any CPU
	EndGlobalSection
	GlobalSection(ProjectConfigurationPlatforms) = postSolution
		{886291CF-3F40-428B-BD94-6275A5469EDF}.Debug|Any CPU.ActiveCfg = Debug|Any CPU
		{886291CF-3F40-428B-BD94-6275A5469EDF}.Debug|Any CPU.Build.0 = Debug|Any CPU
		{886291CF-3F40-428B-BD94-6275A5469EDF}.Release|Any CPU.ActiveCfg = Release|Any CPU
		{886291CF-3F40-428B-BD94-6275A5469EDF}.Release|Any CPU.Build.0 = Release|Any CPU
	EndGlobalSection
	GlobalSection(SolutionProperties) = preSolution
		HideSolutionNode = FALSE
	EndGlobalSection
	GlobalSection(ExtensibilityGlobals) = postSolution
		SolutionGuid = {3E9CD06C-667E-4EB2-AE6E-3EC99229764A}
	EndGlobalSection
EndGlobal
